
Microsoft Visual Studio Solution File, Format Version 12.00
# Visual Studio Version 17
VisualStudioVersion = 17.2.32616.157
MinimumVisualStudioVersion = 10.0.40219.1
Project("{FAE04EC0-301F-11D3-BF4B-00C04F79EFBC}") = "Frist progect", "Frist progect\Frist progect.csproj", "{EEDE30E1-9257-41D9-A86D-DD741DBE95EA}"
EndProject
Global
	GlobalSection(SolutionConfigurationPlatforms) = preSolution
		Debug|Any CPU = Debug|Any CPU
		Release|Any CPU = Release|Any CPU
	EndGlobalSection
	GlobalSection(ProjectConfigurationPlatforms) = postSolution
		{EEDE30E1-9257-41D9-A86D-DD741DBE95EA}.Debug|Any CPU.ActiveCfg = Debug|Any CPU
		{EEDE30E1-9257-41D9-A86D-DD741DBE95EA}.Debug|Any CPU.Build.0 = Debug|Any CPU
		{EEDE30E1-9257-41D9-A86D-DD741DBE95EA}.Release|Any CPU.ActiveCfg = Release|Any CPU
		{EEDE30E1-9257-41D9-A86D-DD741DBE95EA}.Release|Any CPU.Build.0 = Release|Any CPU
	EndGlobalSection
	GlobalSection(SolutionProperties) = preSolution
		HideSolutionNode = FALSE
	EndGlobalSection
	GlobalSection(ExtensibilityGlobals) = postSolution
		SolutionGuid = {A671CC9D-C3B4-4370-AEB6-FFFBAB363D18}
	EndGlobalSection
EndGlobal
